
Microsoft Visual Studio Solution File, Format Version 12.00
# Visual Studio Version 17
VisualStudioVersion = 17.14.36212.18 d17.14
MinimumVisualStudioVersion = 10.0.40219.1
Project("{FAE04EC0-301F-11D3-BF4B-00C04F79EFBC}") = "vjezba02", "vjezba02\vjezba02.csproj", "{7EF7C055-96C3-4CC1-9B60-C7A103B40BD4}"
EndProject
Global
	GlobalSection(SolutionConfigurationPlatforms) = preSolution
		Debug|Any CPU = Debug|Any CPU
		Release|Any CPU = Release|Any CPU
	EndGlobalSection
	GlobalSection(ProjectConfigurationPlatforms) = postSolution
		{7EF7C055-96C3-4CC1-9B60-C7A103B40BD4}.Debug|Any CPU.ActiveCfg = Debug|Any CPU
		{7EF7C055-96C3-4CC1-9B60-C7A103B40BD4}.Debug|Any CPU.Build.0 = Debug|Any CPU
		{7EF7C055-96C3-4CC1-9B60-C7A103B40BD4}.Release|Any CPU.ActiveCfg = Release|Any CPU
		{7EF7C055-96C3-4CC1-9B60-C7A103B40BD4}.Release|Any CPU.Build.0 = Release|Any CPU
	EndGlobalSection
	GlobalSection(SolutionProperties) = preSolution
		HideSolutionNode = FALSE
	EndGlobalSection
	GlobalSection(ExtensibilityGlobals) = postSolution
		SolutionGuid = {9D961719-C139-4B92-996D-9945BEDAF58F}
	EndGlobalSection
EndGlobal
